cgt.name/pkg/go-mwclient v1.3.0 h1:8PtOxq+aL4wtyLZXHPImpNtUioFq/DxBwae2C44j2gE=
cgt.name/pkg/go-mwclient v1.3.0/go.mod h1:X1auRhzIA0Bz5Yx7Yei29vUqr/Ju+r8IWudnJmmAG30=
github.com/antonholmquist/jason v1.0.0 h1:Ytg94Bcf1Bfi965K2q0s22mig/n4eGqEij/atENBhA0=
github.com/antonholmquist/jason v1.0.0/go.mod h1:+GxMEKI0Va2U8h3os6oiUAetHAlGMvxjdpAH/9uvUMA=
github.com/go-rod/rod v0.116.2 h1:A5t2Ky2A+5eD/ZJQr1EfsQSe5rms5Xof/qj296e+ZqA=
github.com/go-rod/rod v0.116.2/go.mod h1:H+CMO9SCNc2TJ2WfrG+pKhITz57uGNYU43qYHh438Mg=
github.com/google/uuid v1.6.0 h1:NIvaJDMOsjHA8n1jAhLSgzrAzy1Hgr+hNrb57e+94F0=
github.com/google/uuid v1.6.0/go.mod h1:TIyPZe4MgqvfeYDBFedMoGGpEw/LqOeaOT+nhxU+yHo=
github.com/lib/pq v1.10.9 h1:YXG7RB+JIjhP29X+OtkiDnYaXQwpS4JEWq7dtCCRUEw=
github.com/lib/pq v1.10.9/go.mod h1:AlVN5x4E4T544tWzH6hKfbfQvm3HdbOxrmggDNAPY9o=
github.com/mrjones/oauth v0.0.0-20190623134757-126b35219450 h1:j2kD3MT1z4PXCiUllUJF9mWUESr9TWKS7iEKsQ/IipM=
github.com/mrjones/oauth v0.0.0-20190623134757-126b35219450/go.mod h1:skjdDftzkFALcuGzYSklqYd8gvat6F1gZJ4YPVbkZpM=
github.com/ysmood/fetchup v0.2.3 h1:ulX+SonA0Vma5zUFXtv52Kzip/xe7aj4vqT5AJwQ+ZQ=
github.com/ysmood/fetchup v0.2.3/go.mod h1:xhibcRKziSvol0H1/pj33dnKrYyI2ebIvz5cOOkYGns=
github.com/ysmood/goob v0.4.0 h1:HsxXhyLBeGzWXnqVKtmT9qM7EuVs/XOgkX7T6r1o1AQ=
github.com/ysmood/goob v0.4.0/go.mod h1:u6yx7ZhS4Exf2MwciFr6nIM8knHQIE22lFpWHnfql18=
github.com/ysmood/got v0.40.0 h1:ZQk1B55zIvS7zflRrkGfPDrPG3d7+JOza1ZkNxcc74Q=
github.com/ysmood/got v0.40.0/go.mod h1:W7DdpuX6skL3NszLmAsC5hT7JAhuLZhByVzHTq874Qg=
github.com/ysmood/gotrace v0.6.0/go.mod h1:TzhIG7nHDry5//eYZDYcTzuJLYQIkykJzCRIo4/dzQM=
github.com/ysmood/gson v0.7.3 h1:QFkWbTH8MxyUTKPkVWAENJhxqdBa4lYTQWqZCiLG6kE=
github.com/ysmood/gson v0.7.3/go.mod h1:3Kzs5zDl21g5F/BlLTNcuAGAYLKt2lV5G8D1zF3RNmg=
github.com/ysmood/leakless v0.9.0 h1:qxCG5VirSBvmi3uynXFkcnLMzkphdh3xx5FtrORwDCU=
github.com/ysmood/leakless v0.9.0/go.mod h1:R8iAXPRaG97QJwqxs74RdwzcRHT1SWCGTNqY8q0JvMQ=
golang.org/x/net v0.44.0 h1:evd8IRDyfNBMBTTY5XRF1vaZlD+EmWx6x8PkhR04H/I=
golang.org/x/net v0.44.0/go.mod h1:ECOoLqd5U3Lhyeyo/QDCEVQ4sNgYsqvCZ722XogGieY=
